// !$*UTF8*$!
{
	archiveVersion = 1;
	classes = {
	};
	objectVersion = 56;
	objects = {

/* Begin PBXBuildFile section */
		433DC9FB2C29F2B400BFB37D /* NanoChallenge07App.swift in Sources */ = {isa = PBXBuildFile; fileRef = 433DC9FA2C29F2B400BFB37D /* NanoChallenge07App.swift */; };
		433DC9FD2C29F2B400BFB37D /* ContentView.swift in Sources */ = {isa = PBXBuildFile; fileRef = 433DC9FC2C29F2B400BFB37D /* ContentView.swift */; };
		433DC9FF2C29F2B600BFB37D /* Assets.xcassets in Resources */ = {isa = PBXBuildFile; fileRef = 433DC9FE2C29F2B600BFB37D /* Assets.xcassets */; };
		433DCA022C29F2B600BFB37D /* Preview Assets.xcassets in Resources */ = {isa = PBXBuildFile; fileRef = 433DCA012C29F2B600BFB37D /* Preview Assets.xcassets */; };
		433DCA0C2C29F2B600BFB37D /* NanoChallenge07Tests.swift in Sources */ = {isa = PBXBuildFile; fileRef = 433DCA0B2C29F2B600BFB37D /* NanoChallenge07Tests.swift */; };
		433DCA162C29F2B600BFB37D /* NanoChallenge07UITests.swift in Sources */ = {isa = PBXBuildFile; fileRef = 433DCA152C29F2B600BFB37D /* NanoChallenge07UITests.swift */; };
		433DCA182C29F2B600BFB37D /* NanoChallenge07UITestsLaunchTests.swift in Sources */ = {isa = PBXBuildFile; fileRef = 433DCA172C29F2B600BFB37D /* NanoChallenge07UITestsLaunchTests.swift */; };
/* End PBXBuildFile section */

/* Begin PBXContainerItemProxy section */
		433DCA082C29F2B600BFB37D /* PBXContainerItemProxy */ = {
			isa = PBXContainerItemProxy;
			containerPortal = 433DC9EF2C29F2B400BFB37D /* Project object */;
			proxyType = 1;
			remoteGlobalIDString = 433DC9F62C29F2B400BFB37D;
			remoteInfo = NanoChallenge07;
		};
		433DCA122C29F2B600BFB37D /* PBXContainerItemProxy */ = {
			isa = PBXContainerItemProxy;
			containerPortal = 433DC9EF2C29F2B400BFB37D /* Project object */;
			proxyType = 1;
			remoteGlobalIDString = 433DC9F62C29F2B400BFB37D;
			remoteInfo = NanoChallenge07;
		};
/* End PBXContainerItemProxy section */

/* Begin PBXFileReference section */
		433DC9F72C29F2B400BFB37D /* NanoChallenge07.app */ = {isa = PBXFileReference; explicitFileType = wrapper.application; includeInIndex = 0; path = NanoChallenge07.app; sourceTree = BUILT_PRODUCTS_DIR; };
		433DC9FA2C29F2B400BFB37D /* NanoChallenge07App.swift */ = {isa = PBXFileReference; lastKnownFileType = sourcecode.swift; path = NanoChallenge07App.swift; sourceTree = "<group>"; };
		433DC9FC2C29F2B400BFB37D /* ContentView.swift */ = {isa = PBXFileReference; lastKnownFileType = sourcecode.swift; path = ContentView.swift; sourceTree = "<group>"; };
		433DC9FE2C29F2B600BFB37D /* Assets.xcassets */ = {isa = PBXFileReference; lastKnownFileType = folder.assetcatalog; path = Assets.xcassets; sourceTree = "<group>"; };
		433DCA012C29F2B600BFB37D /* Preview Assets.xcassets */ = {isa = PBXFileReference; lastKnownFileType = folder.assetcatalog; path = "Preview Assets.xcassets"; sourceTree = "<group>"; };
		433DCA072C29F2B600BFB37D /* NanoChallenge07Tests.xctest */ = {isa = PBXFileReference; explicitFileType = wrapper.cfbundle; includeInIndex = 0; path = NanoChallenge07Tests.xctest; sourceTree = BUILT_PRODUCTS_DIR; };
		433DCA0B2C29F2B600BFB37D /* NanoChallenge07Tests.swift */ = {isa = PBXFileReference; lastKnownFileType = sourcecode.swift; path = NanoChallenge07Tests.swift; sourceTree = "<group>"; };
		433DCA112C29F2B600BFB37D /* NanoChallenge07UITests.xctest */ = {isa = PBXFileReference; explicitFileType = wrapper.cfbundle; includeInIndex = 0; path = NanoChallenge07UITests.xctest; sourceTree = BUILT_PRODUCTS_DIR; };
		433DCA152C29F2B600BFB37D /* NanoChallenge07UITests.swift */ = {isa = PBXFileReference; lastKnownFileType = sourcecode.swift; path = NanoChallenge07UITests.swift; sourceTree = "<group>"; };
		433DCA172C29F2B600BFB37D /* NanoChallenge07UITestsLaunchTests.swift */ = {isa = PBXFileReference; lastKnownFileType = sourcecode.swift; path = NanoChallenge07UITestsLaunchTests.swift; sourceTree = "<group>"; };
/* End PBXFileReference section */

/* Begin PBXFrameworksBuildPhase section */
		433DC9F42C29F2B400BFB37D /* Frameworks */ = {
			isa = PBXFrameworksBuildPhase;
			buildActionMask = 2147483647;
			files = (
			);
			runOnlyForDeploymentPostprocessing = 0;
		};
		433DCA042C29F2B600BFB37D /* Frameworks */ = {
			isa = PBXFrameworksBuildPhase;
			buildActionMask = 2147483647;
			files = (
			);
			runOnlyForDeploymentPostprocessing = 0;
		};
		433DCA0E2C29F2B600BFB37D /* Frameworks */ = {
			isa = PBXFrameworksBuildPhase;
			buildActionMask = 2147483647;
			files = (
			);
			runOnlyForDeploymentPostprocessing = 0;
		};
/* End PBXFrameworksBuildPhase section */

/* Begin PBXGroup section */
		433DC9EE2C29F2B400BFB37D = {
			isa = PBXGroup;
			children = (
				433DC9F92C29F2B400BFB37D /* NanoChallenge07 */,
				433DCA0A2C29F2B600BFB37D /* NanoChallenge07Tests */,
				433DCA142C29F2B600BFB37D /* NanoChallenge07UITests */,
				433DC9F82C29F2B400BFB37D /* Products */,
			);
			sourceTree = "<group>";
		};
		433DC9F82C29F2B400BFB37D /* Products */ = {
			isa = PBXGroup;
			children = (
				433DC9F72C29F2B400BFB37D /* NanoChallenge07.app */,
				433DCA072C29F2B600BFB37D /* NanoChallenge07Tests.xctest */,
				433DCA112C29F2B600BFB37D /* NanoChallenge07UITests.xctest */,
			);
			name = Products;
			sourceTree = "<group>";
		};
		433DC9F92C29F2B400BFB37D /* NanoChallenge07 */ = {
			isa = PBXGroup;
			children = (
				433DC9FA2C29F2B400BFB37D /* NanoChallenge07App.swift */,
				433DC9FC2C29F2B400BFB37D /* ContentView.swift */,
				433DC9FE2C29F2B600BFB37D /* Assets.xcassets */,
				433DCA002C29F2B600BFB37D /* Preview Content */,
			);
			path = NanoChallenge07;
			sourceTree = "<group>";
		};
		433DCA002C29F2B600BFB37D /* Preview Content */ = {
			isa = PBXGroup;
			children = (
				433DCA012C29F2B600BFB37D /* Preview Assets.xcassets */,
			);
			path = "Preview Content";
			sourceTree = "<group>";
		};
		433DCA0A2C29F2B600BFB37D /* NanoChallenge07Tests */ = {
			isa = PBXGroup;
			children = (
				433DCA0B2C29F2B600BFB37D /* NanoChallenge07Tests.swift */,
			);
			path = NanoChallenge07Tests;
			sourceTree = "<group>";
		};
		433DCA142C29F2B600BFB37D /* NanoChallenge07UITests */ = {
			isa = PBXGroup;
			children = (
				433DCA152C29F2B600BFB37D /* NanoChallenge07UITests.swift */,
				433DCA172C29F2B600BFB37D /* NanoChallenge07UITestsLaunchTests.swift */,
			);
			path = NanoChallenge07UITests;
			sourceTree = "<group>";
		};
/* End PBXGroup section */

/* Begin PBXNativeTarget section */
		433DC9F62C29F2B400BFB37D /* NanoChallenge07 */ = {
			isa = PBXNativeTarget;
			buildConfigurationList = 433DCA1B2C29F2B600BFB37D /* Build configuration list for PBXNativeTarget "NanoChallenge07" */;
			buildPhases = (
				433DC9F32C29F2B400BFB37D /* Sources */,
				433DC9F42C29F2B400BFB37D /* Frameworks */,
				433DC9F52C29F2B400BFB37D /* Resources */,
			);
			buildRules = (
			);
			dependencies = (
			);
			name = NanoChallenge07;
			productName = NanoChallenge07;
			productReference = 433DC9F72C29F2B400BFB37D /* NanoChallenge07.app */;
			productType = "com.apple.product-type.application";
		};
		433DCA062C29F2B600BFB37D /* NanoChallenge07Tests */ = {
			isa = PBXNativeTarget;
			buildConfigurationList = 433DCA1E2C29F2B600BFB37D /* Build configuration list for PBXNativeTarget "NanoChallenge07Tests" */;
			buildPhases = (
				433DCA032C29F2B600BFB37D /* Sources */,
				433DCA042C29F2B600BFB37D /* Frameworks */,
				433DCA052C29F2B600BFB37D /* Resources */,
			);
			buildRules = (
			);
			dependencies = (
				433DCA092C29F2B600BFB37D /* PBXTargetDependency */,
			);
			name = NanoChallenge07Tests;
			productName = NanoChallenge07Tests;
			productReference = 433DCA072C29F2B600BFB37D /* NanoChallenge07Tests.xctest */;
			productType = "com.apple.product-type.bundle.unit-test";
		};
		433DCA102C29F2B600BFB37D /* NanoChallenge07UITests */ = {
			isa = PBXNativeTarget;
			buildConfigurationList = 433DCA212C29F2B600BFB37D /* Build configuration list for PBXNativeTarget "NanoChallenge07UITests" */;
			buildPhases = (
				433DCA0D2C29F2B600BFB37D /* Sources */,
				433DCA0E2C29F2B600BFB37D /* Frameworks */,
				433DCA0F2C29F2B600BFB37D /* Resources */,
			);
			buildRules = (
			);
			dependencies = (
				433DCA132C29F2B600BFB37D /* PBXTargetDependency */,
			);
			name = NanoChallenge07UITests;
			productName = NanoChallenge07UITests;
			productReference = 433DCA112C29F2B600BFB37D /* NanoChallenge07UITests.xctest */;
			productType = "com.apple.product-type.bundle.ui-testing";
		};
/* End PBXNativeTarget section */

/* Begin PBXProject section */
		433DC9EF2C29F2B400BFB37D /* Project object */ = {
			isa = PBXProject;
			attributes = {
				BuildIndependentTargetsInParallel = 1;
				LastSwiftUpdateCheck = 1540;
				LastUpgradeCheck = 1540;
				TargetAttributes = {
					433DC9F62C29F2B400BFB37D = {
						CreatedOnToolsVersion = 15.4;
					};
					433DCA062C29F2B600BFB37D = {
						CreatedOnToolsVersion = 15.4;
						TestTargetID = 433DC9F62C29F2B400BFB37D;
					};
					433DCA102C29F2B600BFB37D = {
						CreatedOnToolsVersion = 15.4;
						TestTargetID = 433DC9F62C29F2B400BFB37D;
					};
				};
			};
			buildConfigurationList = 433DC9F22C29F2B400BFB37D /* Build configuration list for PBXProject "NanoChallenge07" */;
			compatibilityVersion = "Xcode 14.0";
			developmentRegion = en;
			hasScannedForEncodings = 0;
			knownRegions = (
				en,
				Base,
			);
			mainGroup = 433DC9EE2C29F2B400BFB37D;
			productRefGroup = 433DC9F82C29F2B400BFB37D /* Products */;
			projectDirPath = "";
			projectRoot = "";
			targets = (
				433DC9F62C29F2B400BFB37D /* NanoChallenge07 */,
				433DCA062C29F2B600BFB37D /* NanoChallenge07Tests */,
				433DCA102C29F2B600BFB37D /* NanoChallenge07UITests */,
			);
		};
/* End PBXProject section */

/* Begin PBXResourcesBuildPhase section */
		433DC9F52C29F2B400BFB37D /* Resources */ = {
			isa = PBXResourcesBuildPhase;
			buildActionMask = 2147483647;
			files = (
				433DCA022C29F2B600BFB37D /* Preview Assets.xcassets in Resources */,
				433DC9FF2C29F2B600BFB37D /* Assets.xcassets in Resources */,
			);
			runOnlyForDeploymentPostprocessing = 0;
		};
		433DCA052C29F2B600BFB37D /* Resources */ = {
			isa = PBXResourcesBuildPhase;
			buildActionMask = 2147483647;
			files = (
			);
			runOnlyForDeploymentPostprocessing = 0;
		};
		433DCA0F2C29F2B600BFB37D /* Resources */ = {
			isa = PBXResourcesBuildPhase;
			buildActionMask = 2147483647;
			files = (
			);
			runOnlyForDeploymentPostprocessing = 0;
		};
/* End PBXResourcesBuildPhase section */

/* Begin PBXSourcesBuildPhase section */
		433DC9F32C29F2B400BFB37D /* Sources */ = {
			isa = PBXSourcesBuildPhase;
			buildActionMask = 2147483647;
			files = (
				433DC9FD2C29F2B400BFB37D /* ContentView.swift in Sources */,
				433DC9FB2C29F2B400BFB37D /* NanoChallenge07App.swift in Sources */,
			);
			runOnlyForDeploymentPostprocessing = 0;
		};
		433DCA032C29F2B600BFB37D /* Sources */ = {
			isa = PBXSourcesBuildPhase;
			buildActionMask = 2147483647;
			files = (
				433DCA0C2C29F2B600BFB37D /* NanoChallenge07Tests.swift in Sources */,
			);
			runOnlyForDeploymentPostprocessing = 0;
		};
		433DCA0D2C29F2B600BFB37D /* Sources */ = {
			isa = PBXSourcesBuildPhase;
			buildActionMask = 2147483647;
			files = (
				433DCA162C29F2B600BFB37D /* NanoChallenge07UITests.swift in Sources */,
				433DCA182C29F2B600BFB37D /* NanoChallenge07UITestsLaunchTests.swift in Sources */,
			);
			runOnlyForDeploymentPostprocessing = 0;
		};
/* End PBXSourcesBuildPhase section */

/* Begin PBXTargetDependency section */
		433DCA092C29F2B600BFB37D /* PBXTargetDependency */ = {
			isa = PBXTargetDependency;
			target = 433DC9F62C29F2B400BFB37D /* NanoChallenge07 */;
			targetProxy = 433DCA082C29F2B600BFB37D /* PBXContainerItemProxy */;
		};
		433DCA132C29F2B600BFB37D /* PBXTargetDependency */ = {
			isa = PBXTargetDependency;
			target = 433DC9F62C29F2B400BFB37D /* NanoChallenge07 */;
			targetProxy = 433DCA122C29F2B600BFB37D /* PBXContainerItemProxy */;
		};
/* End PBXTargetDependency section */

/* Begin XCBuildConfiguration section */
		433DCA192C29F2B600BFB37D /* Debug */ = {
			isa = XCBuildConfiguration;
			buildSettings = {
				ALWAYS_SEARCH_USER_PATHS = NO;
				ASSETCATALOG_COMPILER_GENERATE_SWIFT_ASSET_SYMBOL_EXTENSIONS = YES;
				CLANG_ANALYZER_NONNULL = YES;
				CLANG_ANALYZER_NUMBER_OBJECT_CONVERSION = YES_AGGRESSIVE;
				CLANG_CXX_LANGUAGE_STANDARD = "gnu++20";
				CLANG_ENABLE_MODULES = YES;
				CLANG_ENABLE_OBJC_ARC = YES;
				CLANG_ENABLE_OBJC_WEAK = YES;
				CLANG_WARN_BLOCK_CAPTURE_AUTORELEASING = YES;
				CLANG_WARN_BOOL_CONVERSION = YES;
				CLANG_WARN_COMMA = YES;
				CLANG_WARN_CONSTANT_CONVERSION = YES;
				CLANG_WARN_DEPRECATED_OBJC_IMPLEMENTATIONS = YES;
				CLANG_WARN_DIRECT_OBJC_ISA_USAGE = YES_ERROR;
				CLANG_WARN_DOCUMENTATION_COMMENTS = YES;
				CLANG_WARN_EMPTY_BODY = YES;
				CLANG_WARN_ENUM_CONVERSION = YES;
				CLANG_WARN_INFINITE_RECURSION = YES;
				CLANG_WARN_INT_CONVERSION = YES;
				CLANG_WARN_NON_LITERAL_NULL_CONVERSION = YES;
				CLANG_WARN_OBJC_IMPLICIT_RETAIN_SELF = YES;
				CLANG_WARN_OBJC_LITERAL_CONVERSION = YES;
				CLANG_WARN_OBJC_ROOT_CLASS = YES_ERROR;
				CLANG_WARN_QUOTED_INCLUDE_IN_FRAMEWORK_HEADER = YES;
				CLANG_WARN_RANGE_LOOP_ANALYSIS = YES;
				CLANG_WARN_STRICT_PROTOTYPES = YES;
				CLANG_WARN_SUSPICIOUS_MOVE = YES;
				CLANG_WARN_UNGUARDED_AVAILABILITY = YES_AGGRESSIVE;
				CLANG_WARN_UNREACHABLE_CODE = YES;
				CLANG_WARN__DUPLICATE_METHOD_MATCH = YES;
				COPY_PHASE_STRIP = NO;
				DEBUG_INFORMATION_FORMAT = dwarf;
				ENABLE_STRICT_OBJC_MSGSEND = YES;
				ENABLE_TESTABILITY = YES;
				ENABLE_USER_SCRIPT_SANDBOXING = YES;
				GCC_C_LANGUAGE_STANDARD = gnu17;
				GCC_DYNAMIC_NO_PIC = NO;
				GCC_NO_COMMON_BLOCKS = YES;
				GCC_OPTIMIZATION_LEVEL = 0;
				GCC_PREPROCESSOR_DEFINITIONS = (
					"DEBUG=1",
					"$(inherited)",
				);
				GCC_WARN_64_TO_32_BIT_CONVERSION = YES;
				GCC_WARN_ABOUT_RETURN_TYPE = YES_ERROR;
				GCC_WARN_UNDECLARED_SELECTOR = YES;
				GCC_WARN_UNINITIALIZED_AUTOS = YES_AGGRESSIVE;
				GCC_WARN_UNUSED_FUNCTION = YES;
				GCC_WARN_UNUSED_VARIABLE = YES;
				IPHONEOS_DEPLOYMENT_TARGET = 17.5;
				LOCALIZATION_PREFERS_STRING_CATALOGS = YES;
				MTL_ENABLE_DEBUG_INFO = INCLUDE_SOURCE;
				MTL_FAST_MATH = YES;
				ONLY_ACTIVE_ARCH = YES;
				SDKROOT = iphoneos;
				SWIFT_ACTIVE_COMPILATION_CONDITIONS = "DEBUG $(inherited)";
				SWIFT_OPTIMIZATION_LEVEL = "-Onone";
			};
			name = Debug;
		};
		433DCA1A2C29F2B600BFB37D /* Release */ = {
			isa = XCBuildConfiguration;
			buildSettings = {
				ALWAYS_SEARCH_USER_PATHS = NO;
				ASSETCATALOG_COMPILER_GENERATE_SWIFT_ASSET_SYMBOL_EXTENSIONS = YES;
				CLANG_ANALYZER_NONNULL = YES;
				CLANG_ANALYZER_NUMBER_OBJECT_CONVERSION = YES_AGGRESSIVE;
				CLANG_CXX_LANGUAGE_STANDARD = "gnu++20";
				CLANG_ENABLE_MODULES = YES;
				CLANG_ENABLE_OBJC_ARC = YES;
				CLANG_ENABLE_OBJC_WEAK = YES;
				CLANG_WARN_BLOCK_CAPTURE_AUTORELEASING = YES;
				CLANG_WARN_BOOL_CONVERSION = YES;
				CLANG_WARN_COMMA = YES;
				CLANG_WARN_CONSTANT_CONVERSION = YES;
				CLANG_WARN_DEPRECATED_OBJC_IMPLEMENTATIONS = YES;
				CLANG_WARN_DIRECT_OBJC_ISA_USAGE = YES_ERROR;
				CLANG_WARN_DOCUMENTATION_COMMENTS = YES;
				CLANG_WARN_EMPTY_BODY = YES;
				CLANG_WARN_ENUM_CONVERSION = YES;
				CLANG_WARN_INFINITE_RECURSION = YES;
				CLANG_WARN_INT_CONVERSION = YES;
				CLANG_WARN_NON_LITERAL_NULL_CONVERSION = YES;
				CLANG_WARN_OBJC_IMPLICIT_RETAIN_SELF = YES;
				CLANG_WARN_OBJC_LITERAL_CONVERSION = YES;
				CLANG_WARN_OBJC_ROOT_CLASS = YES_ERROR;
				CLANG_WARN_QUOTED_INCLUDE_IN_FRAMEWORK_HEADER = YES;
				CLANG_WARN_RANGE_LOOP_ANALYSIS = YES;
				CLANG_WARN_STRICT_PROTOTYPES = YES;
				CLANG_WARN_SUSPICIOUS_MOVE = YES;
				CLANG_WARN_UNGUARDED_AVAILABILITY = YES_AGGRESSIVE;
				CLANG_WARN_UNREACHABLE_CODE = YES;
				CLANG_WARN__DUPLICATE_METHOD_MATCH = YES;
				COPY_PHASE_STRIP = NO;
				DEBUG_INFORMATION_FORMAT = "dwarf-with-dsym";
				ENABLE_NS_ASSERTIONS = NO;
				ENABLE_STRICT_OBJC_MSGSEND = YES;
				ENABLE_USER_SCRIPT_SANDBOXING = YES;
				GCC_C_LANGUAGE_STANDARD = gnu17;
				GCC_NO_COMMON_BLOCKS = YES;
				GCC_WARN_64_TO_32_BIT_CONVERSION = YES;
				GCC_WARN_ABOUT_RETURN_TYPE = YES_ERROR;
				GCC_WARN_UNDECLARED_SELECTOR = YES;
				GCC_WARN_UNINITIALIZED_AUTOS = YES_AGGRESSIVE;
				GCC_WARN_UNUSED_FUNCTION = YES;
				GCC_WARN_UNUSED_VARIABLE = YES;
				IPHONEOS_DEPLOYMENT_TARGET = 17.5;
				LOCALIZATION_PREFERS_STRING_CATALOGS = YES;
				MTL_ENABLE_DEBUG_INFO = NO;
				MTL_FAST_MATH = YES;
				SDKROOT = iphoneos;
				SWIFT_COMPILATION_MODE = wholemodule;
				VALIDATE_PRODUCT = YES;
			};
			name = Release;
		};
		433DCA1C2C29F2B600BFB37D /* Debug */ = {
			isa = XCBuildConfiguration;
			buildSettings = {
				ASSETCATALOG_COMPILER_APPICON_NAME = AppIcon;
				ASSETCATALOG_COMPILER_GLOBAL_ACCENT_COLOR_NAME = AccentColor;
				CODE_SIGN_STYLE = Automatic;
				CURRENT_PROJECT_VERSION = 1;
				DEVELOPMENT_ASSET_PATHS = "\"NanoChallenge07/Preview Content\"";
				DEVELOPMENT_TEAM = LF887LSVNZ;
				ENABLE_PREVIEWS = YES;
				GENERATE_INFOPLIST_FILE = YES;
				INFOPLIST_KEY_UIApplicationSceneManifest_Generation = YES;
				INFOPLIST_KEY_UIApplicationSupportsIndirectInputEvents = YES;
				INFOPLIST_KEY_UILaunchScreen_Generation = YES;
				INFOPLIST_KEY_UISupportedInterfaceOrientations_iPad = "UIInterfaceOrientationPortrait UIInterfaceOrientationPortraitUpsideDown UIInterfaceOrientationLandscapeLeft UIInterfaceOrientationLandscapeRight";
				INFOPLIST_KEY_UISupportedInterfaceOrientations_iPhone = "UIInterfaceOrientationPortrait UIInterfaceOrientationLandscapeLeft UIInterfaceOrientationLandscapeRight";
				LD_RUNPATH_SEARCH_PATHS = (
					"$(inherited)",
					"@executable_path/Frameworks",
				);
				MARKETING_VERSION = 1.0;
				PRODUCT_BUNDLE_IDENTIFIER = swiftUIaprendizado.NanoChallenge07;
				PRODUCT_NAME = "$(TARGET_NAME)";
				SWIFT_EMIT_LOC_STRINGS = YES;
				SWIFT_VERSION = 5.0;
				TARGETED_DEVICE_FAMILY = "1,2";
			};
			name = Debug;
		};
		433DCA1D2C29F2B600BFB37D /* Release */ = {
			isa = XCBuildConfiguration;
			buildSettings = {
				ASSETCATALOG_COMPILER_APPICON_NAME = AppIcon;
				ASSETCATALOG_COMPILER_GLOBAL_ACCENT_COLOR_NAME = AccentColor;
				CODE_SIGN_STYLE = Automatic;
				CURRENT_PROJECT_VERSION = 1;
				DEVELOPMENT_ASSET_PATHS = "\"NanoChallenge07/Preview Content\"";
				DEVELOPMENT_TEAM = LF887LSVNZ;
				ENABLE_PREVIEWS = YES;
				GENERATE_INFOPLIST_FILE = YES;
				INFOPLIST_KEY_UIApplicationSceneManifest_Generation = YES;
				INFOPLIST_KEY_UIApplicationSupportsIndirectInputEvents = YES;
				INFOPLIST_KEY_UILaunchScreen_Generation = YES;
				INFOPLIST_KEY_UISupportedInterfaceOrientations_iPad = "UIInterfaceOrientationPortrait UIInterfaceOrientationPortraitUpsideDown UIInterfaceOrientationLandscapeLeft UIInterfaceOrientationLandscapeRight";
				INFOPLIST_KEY_UISupportedInterfaceOrientations_iPhone = "UIInterfaceOrientationPortrait UIInterfaceOrientationLandscapeLeft UIInterfaceOrientationLandscapeRight";
				LD_RUNPATH_SEARCH_PATHS = (
					"$(inherited)",
					"@executable_path/Frameworks",
				);
				MARKETING_VERSION = 1.0;
				PRODUCT_BUNDLE_IDENTIFIER = swiftUIaprendizado.NanoChallenge07;
				PRODUCT_NAME = "$(TARGET_NAME)";
				SWIFT_EMIT_LOC_STRINGS = YES;
				SWIFT_VERSION = 5.0;
				TARGETED_DEVICE_FAMILY = "1,2";
			};
			name = Release;
		};
		433DCA1F2C29F2B600BFB37D /* Debug */ = {
			isa = XCBuildConfiguration;
			buildSettings = {
				ALWAYS_EMBED_SWIFT_STANDARD_LIBRARIES = YES;
				BUNDLE_LOADER = "$(TEST_HOST)";
				CODE_SIGN_STYLE = Automatic;
				CURRENT_PROJECT_VERSION = 1;
				DEVELOPMENT_TEAM = LF887LSVNZ;
				GENERATE_INFOPLIST_FILE = YES;
				IPHONEOS_DEPLOYMENT_TARGET = 17.5;
				MARKETING_VERSION = 1.0;
				PRODUCT_BUNDLE_IDENTIFIER = swiftUIaprendizado.NanoChallenge07Tests;
				PRODUCT_NAME = "$(TARGET_NAME)";
				SWIFT_EMIT_LOC_STRINGS = NO;
				SWIFT_VERSION = 5.0;
				TARGETED_DEVICE_FAMILY = "1,2";
				TEST_HOST = "$(BUILT_PRODUCTS_DIR)/NanoChallenge07.app/$(BUNDLE_EXECUTABLE_FOLDER_PATH)/NanoChallenge07";
			};
			name = Debug;
		};
		433DCA202C29F2B600BFB37D /* Release */ = {
			isa = XCBuildConfiguration;
			buildSettings = {
				ALWAYS_EMBED_SWIFT_STANDARD_LIBRARIES = YES;
				BUNDLE_LOADER = "$(TEST_HOST)";
				CODE_SIGN_STYLE = Automatic;
				CURRENT_PROJECT_VERSION = 1;
				DEVELOPMENT_TEAM = LF887LSVNZ;
				GENERATE_INFOPLIST_FILE = YES;
				IPHONEOS_DEPLOYMENT_TARGET = 17.5;
				MARKETING_VERSION = 1.0;
				PRODUCT_BUNDLE_IDENTIFIER = swiftUIaprendizado.NanoChallenge07Tests;
				PRODUCT_NAME = "$(TARGET_NAME)";
				SWIFT_EMIT_LOC_STRINGS = NO;
				SWIFT_VERSION = 5.0;
				TARGETED_DEVICE_FAMILY = "1,2";
				TEST_HOST = "$(BUILT_PRODUCTS_DIR)/NanoChallenge07.app/$(BUNDLE_EXECUTABLE_FOLDER_PATH)/NanoChallenge07";
			};
			name = Release;
		};
		433DCA222C29F2B600BFB37D /* Debug */ = {
			isa = XCBuildConfiguration;
			buildSettings = {
				ALWAYS_EMBED_SWIFT_STANDARD_LIBRARIES = YES;
				CODE_SIGN_STYLE = Automatic;
				CURRENT_PROJECT_VERSION = 1;
				DEVELOPMENT_TEAM = LF887LSVNZ;
				GENERATE_INFOPLIST_FILE = YES;
				MARKETING_VERSION = 1.0;
				PRODUCT_BUNDLE_IDENTIFIER = swiftUIaprendizado.NanoChallenge07UITests;
				PRODUCT_NAME = "$(TARGET_NAME)";
				SWIFT_EMIT_LOC_STRINGS = NO;
				SWIFT_VERSION = 5.0;
				TARGETED_DEVICE_FAMILY = "1,2";
				TEST_TARGET_NAME = NanoChallenge07;
			};
			name = Debug;
		};
		433DCA232C29F2B600BFB37D /* Release */ = {
			isa = XCBuildConfiguration;
			buildSettings = {
				ALWAYS_EMBED_SWIFT_STANDARD_LIBRARIES = YES;
				CODE_SIGN_STYLE = Automatic;
				CURRENT_PROJECT_VERSION = 1;
				DEVELOPMENT_TEAM = LF887LSVNZ;
				GENERATE_INFOPLIST_FILE = YES;
				MARKETING_VERSION = 1.0;
				PRODUCT_BUNDLE_IDENTIFIER = swiftUIaprendizado.NanoChallenge07UITests;
				PRODUCT_NAME = "$(TARGET_NAME)";
				SWIFT_EMIT_LOC_STRINGS = NO;
				SWIFT_VERSION = 5.0;
				TARGETED_DEVICE_FAMILY = "1,2";
				TEST_TARGET_NAME = NanoChallenge07;
			};
			name = Release;
		};
/* End XCBuildConfiguration section */

/* Begin XCConfigurationList section */
		433DC9F22C29F2B400BFB37D /* Build configuration list for PBXProject "NanoChallenge07" */ = {
			isa = XCConfigurationList;
			buildConfigurations = (
				433DCA192C29F2B600BFB37D /* Debug */,
				433DCA1A2C29F2B600BFB37D /* Release */,
			);
			defaultConfigurationIsVisible = 0;
			defaultConfigurationName = Release;
		};
		433DCA1B2C29F2B600BFB37D /* Build configuration list for PBXNativeTarget "NanoChallenge07" */ = {
			isa = XCConfigurationList;
			buildConfigurations = (
				433DCA1C2C29F2B600BFB37D /* Debug */,
				433DCA1D2C29F2B600BFB37D /* Release */,
			);
			defaultConfigurationIsVisible = 0;
			defaultConfigurationName = Release;
		};
		433DCA1E2C29F2B600BFB37D /* Build configuration list for PBXNativeTarget "NanoChallenge07Tests" */ = {
			isa = XCConfigurationList;
			buildConfigurations = (
				433DCA1F2C29F2B600BFB37D /* Debug */,
				433DCA202C29F2B600BFB37D /* Release */,
			);
			defaultConfigurationIsVisible = 0;
			defaultConfigurationName = Release;
		};
		433DCA212C29F2B600BFB37D /* Build configuration list for PBXNativeTarget "NanoChallenge07UITests" */ = {
			isa = XCConfigurationList;
			buildConfigurations = (
				433DCA222C29F2B600BFB37D /* Debug */,
				433DCA232C29F2B600BFB37D /* Release */,
			);
			defaultConfigurationIsVisible = 0;
			defaultConfigurationName = Release;
		};
/* End XCConfigurationList section */
	};
	rootObject = 433DC9EF2C29F2B400BFB37D /* Project object */;
}
