// !$*UTF8*$!
{
	archiveVersion = 1;
	classes = {
	};
	objectVersion = 56;
	objects = {

/* Begin PBXBuildFile section */
		3118D2432C2A0E0800200290 /* AppDelegate.swift in Sources */ = {isa = PBXBuildFile; fileRef = 3118D2422C2A0E0800200290 /* AppDelegate.swift */; };
		3118D2452C2A0E0800200290 /* SceneDelegate.swift in Sources */ = {isa = PBXBuildFile; fileRef = 3118D2442C2A0E0800200290 /* SceneDelegate.swift */; };
		3118D2472C2A0E0800200290 /* ViewController.swift in Sources */ = {isa = PBXBuildFile; fileRef = 3118D2462C2A0E0800200290 /* ViewController.swift */; };
		3118D24C2C2A0E0A00200290 /* Assets.xcassets in Resources */ = {isa = PBXBuildFile; fileRef = 3118D24B2C2A0E0A00200290 /* Assets.xcassets */; };
		3118D24F2C2A0E0A00200290 /* Base in Resources */ = {isa = PBXBuildFile; fileRef = 3118D24E2C2A0E0A00200290 /* Base */; };
		3118D25D2C2A0EEA00200290 /* ViewModel.swift in Sources */ = {isa = PBXBuildFile; fileRef = 3118D25C2C2A0EEA00200290 /* ViewModel.swift */; };
		3118D25F2C2A0EF200200290 /* Model.swift in Sources */ = {isa = PBXBuildFile; fileRef = 3118D25E2C2A0EF200200290 /* Model.swift */; };
		3118D2682C2A106300200290 /* Nano07ChallengeTests.swift in Sources */ = {isa = PBXBuildFile; fileRef = 3118D2672C2A106300200290 /* Nano07ChallengeTests.swift */; };
		3118D26F2C2A109200200290 /* APIManager.swift in Sources */ = {isa = PBXBuildFile; fileRef = 3118D26E2C2A109200200290 /* APIManager.swift */; };
		3118D2712C2A109900200290 /* Persistence.swift in Sources */ = {isa = PBXBuildFile; fileRef = 3118D2702C2A109900200290 /* Persistence.swift */; };
		3182279B2C2B59FE006ECEBB /* CurrencyListViewController.swift in Sources */ = {isa = PBXBuildFile; fileRef = 3182279A2C2B59FE006ECEBB /* CurrencyListViewController.swift */; };
		3182279D2C2B5A2C006ECEBB /* CustomCell.swift in Sources */ = {isa = PBXBuildFile; fileRef = 3182279C2C2B5A2C006ECEBB /* CustomCell.swift */; };
/* End PBXBuildFile section */

/* Begin PBXContainerItemProxy section */
		3118D2692C2A106300200290 /* PBXContainerItemProxy */ = {
			isa = PBXContainerItemProxy;
			containerPortal = 3118D2372C2A0E0800200290 /* Project object */;
			proxyType = 1;
			remoteGlobalIDString = 3118D23E2C2A0E0800200290;
			remoteInfo = Nano07Challenge;
		};
/* End PBXContainerItemProxy section */

/* Begin PBXFileReference section */
		3118D23F2C2A0E0800200290 /* Nano07Challenge.app */ = {isa = PBXFileReference; explicitFileType = wrapper.application; includeInIndex = 0; path = Nano07Challenge.app; sourceTree = BUILT_PRODUCTS_DIR; };
		3118D2422C2A0E0800200290 /* AppDelegate.swift */ = {isa = PBXFileReference; lastKnownFileType = sourcecode.swift; path = AppDelegate.swift; sourceTree = "<group>"; };
		3118D2442C2A0E0800200290 /* SceneDelegate.swift */ = {isa = PBXFileReference; lastKnownFileType = sourcecode.swift; path = SceneDelegate.swift; sourceTree = "<group>"; };
		3118D2462C2A0E0800200290 /* ViewController.swift */ = {isa = PBXFileReference; lastKnownFileType = sourcecode.swift; path = ViewController.swift; sourceTree = "<group>"; };
		3118D24B2C2A0E0A00200290 /* Assets.xcassets */ = {isa = PBXFileReference; lastKnownFileType = folder.assetcatalog; path = Assets.xcassets; sourceTree = "<group>"; };
		3118D24E2C2A0E0A00200290 /* Base */ = {isa = PBXFileReference; lastKnownFileType = file.storyboard; name = Base; path = Base.lproj/LaunchScreen.storyboard; sourceTree = "<group>"; };
		3118D2502C2A0E0A00200290 /* Info.plist */ = {isa = PBXFileReference; lastKnownFileType = text.plist.xml; path = Info.plist; sourceTree = "<group>"; };
		3118D25C2C2A0EEA00200290 /* ViewModel.swift */ = {isa = PBXFileReference; lastKnownFileType = sourcecode.swift; path = ViewModel.swift; sourceTree = "<group>"; };
		3118D25E2C2A0EF200200290 /* Model.swift */ = {isa = PBXFileReference; lastKnownFileType = sourcecode.swift; path = Model.swift; sourceTree = "<group>"; };
		3118D2652C2A106300200290 /* Nano07ChallengeTests.xctest */ = {isa = PBXFileReference; explicitFileType = wrapper.cfbundle; includeInIndex = 0; path = Nano07ChallengeTests.xctest; sourceTree = BUILT_PRODUCTS_DIR; };
		3118D2672C2A106300200290 /* Nano07ChallengeTests.swift */ = {isa = PBXFileReference; lastKnownFileType = sourcecode.swift; path = Nano07ChallengeTests.swift; sourceTree = "<group>"; };
		3118D26E2C2A109200200290 /* APIManager.swift */ = {isa = PBXFileReference; lastKnownFileType = sourcecode.swift; path = APIManager.swift; sourceTree = "<group>"; };
		3118D2702C2A109900200290 /* Persistence.swift */ = {isa = PBXFileReference; lastKnownFileType = sourcecode.swift; path = Persistence.swift; sourceTree = "<group>"; };
		3182279A2C2B59FE006ECEBB /* CurrencyListViewController.swift */ = {isa = PBXFileReference; lastKnownFileType = sourcecode.swift; path = CurrencyListViewController.swift; sourceTree = "<group>"; };
		3182279C2C2B5A2C006ECEBB /* CustomCell.swift */ = {isa = PBXFileReference; lastKnownFileType = sourcecode.swift; path = CustomCell.swift; sourceTree = "<group>"; };
/* End PBXFileReference section */

/* Begin PBXFrameworksBuildPhase section */
		3118D23C2C2A0E0800200290 /* Frameworks */ = {
			isa = PBXFrameworksBuildPhase;
			buildActionMask = 2147483647;
			files = (
			);
			runOnlyForDeploymentPostprocessing = 0;
		};
		3118D2622C2A106300200290 /* Frameworks */ = {
			isa = PBXFrameworksBuildPhase;
			buildActionMask = 2147483647;
			files = (
			);
			runOnlyForDeploymentPostprocessing = 0;
		};
/* End PBXFrameworksBuildPhase section */

/* Begin PBXGroup section */
		3118D2362C2A0E0800200290 = {
			isa = PBXGroup;
			children = (
				3118D2412C2A0E0800200290 /* Nano07Challenge */,
				3118D2402C2A0E0800200290 /* Products */,
			);
			sourceTree = "<group>";
		};
		3118D2402C2A0E0800200290 /* Products */ = {
			isa = PBXGroup;
			children = (
				3118D23F2C2A0E0800200290 /* Nano07Challenge.app */,
				3118D2652C2A106300200290 /* Nano07ChallengeTests.xctest */,
			);
			name = Products;
			sourceTree = "<group>";
		};
		3118D2412C2A0E0800200290 /* Nano07Challenge */ = {
			isa = PBXGroup;
			children = (
				3118D25B2C2A0ED500200290 /* ViewModels */,
				3118D25A2C2A0ECE00200290 /* Models */,
				3118D2592C2A0EBF00200290 /* Views */,
				3118D2582C2A0EB700200290 /* Persistence */,
				3118D2572C2A0EB100200290 /* API */,
				3118D2562C2A0EAA00200290 /* Tests */,
				3118D2602C2A0F1300200290 /* Config */,
			);
			path = Nano07Challenge;
			sourceTree = "<group>";
		};
		3118D2562C2A0EAA00200290 /* Tests */ = {
			isa = PBXGroup;
			children = (
				3118D2672C2A106300200290 /* Nano07ChallengeTests.swift */,
			);
			path = Tests;
			sourceTree = "<group>";
		};
		3118D2572C2A0EB100200290 /* API */ = {
			isa = PBXGroup;
			children = (
				3118D26E2C2A109200200290 /* APIManager.swift */,
			);
			path = API;
			sourceTree = "<group>";
		};
		3118D2582C2A0EB700200290 /* Persistence */ = {
			isa = PBXGroup;
			children = (
				3118D2702C2A109900200290 /* Persistence.swift */,
			);
			path = Persistence;
			sourceTree = "<group>";
		};
		3118D2592C2A0EBF00200290 /* Views */ = {
			isa = PBXGroup;
			children = (
				3118D2462C2A0E0800200290 /* ViewController.swift */,
				3182279A2C2B59FE006ECEBB /* CurrencyListViewController.swift */,
				3182279C2C2B5A2C006ECEBB /* CustomCell.swift */,
			);
			path = Views;
			sourceTree = "<group>";
		};
		3118D25A2C2A0ECE00200290 /* Models */ = {
			isa = PBXGroup;
			children = (
				3118D25E2C2A0EF200200290 /* Model.swift */,
			);
			path = Models;
			sourceTree = "<group>";
		};
		3118D25B2C2A0ED500200290 /* ViewModels */ = {
			isa = PBXGroup;
			children = (
				3118D25C2C2A0EEA00200290 /* ViewModel.swift */,
			);
			path = ViewModels;
			sourceTree = "<group>";
		};
		3118D2602C2A0F1300200290 /* Config */ = {
			isa = PBXGroup;
			children = (
				3118D2422C2A0E0800200290 /* AppDelegate.swift */,
				3118D2442C2A0E0800200290 /* SceneDelegate.swift */,
				3118D24B2C2A0E0A00200290 /* Assets.xcassets */,
				3118D24D2C2A0E0A00200290 /* LaunchScreen.storyboard */,
				3118D2502C2A0E0A00200290 /* Info.plist */,
			);
			path = Config;
			sourceTree = "<group>";
		};
/* End PBXGroup section */

/* Begin PBXNativeTarget section */
		3118D23E2C2A0E0800200290 /* Nano07Challenge */ = {
			isa = PBXNativeTarget;
			buildConfigurationList = 3118D2532C2A0E0A00200290 /* Build configuration list for PBXNativeTarget "Nano07Challenge" */;
			buildPhases = (
				3118D23B2C2A0E0800200290 /* Sources */,
				3118D23C2C2A0E0800200290 /* Frameworks */,
				3118D23D2C2A0E0800200290 /* Resources */,
			);
			buildRules = (
			);
			dependencies = (
			);
			name = Nano07Challenge;
			productName = Nano07Challenge;
			productReference = 3118D23F2C2A0E0800200290 /* Nano07Challenge.app */;
			productType = "com.apple.product-type.application";
		};
		3118D2642C2A106300200290 /* Nano07ChallengeTests */ = {
			isa = PBXNativeTarget;
			buildConfigurationList = 3118D26B2C2A106300200290 /* Build configuration list for PBXNativeTarget "Nano07ChallengeTests" */;
			buildPhases = (
				3118D2612C2A106300200290 /* Sources */,
				3118D2622C2A106300200290 /* Frameworks */,
				3118D2632C2A106300200290 /* Resources */,
			);
			buildRules = (
			);
			dependencies = (
				3118D26A2C2A106300200290 /* PBXTargetDependency */,
			);
			name = Nano07ChallengeTests;
			productName = Nano07ChallengeTests;
			productReference = 3118D2652C2A106300200290 /* Nano07ChallengeTests.xctest */;
			productType = "com.apple.product-type.bundle.unit-test";
		};
/* End PBXNativeTarget section */

/* Begin PBXProject section */
		3118D2372C2A0E0800200290 /* Project object */ = {
			isa = PBXProject;
			attributes = {
				BuildIndependentTargetsInParallel = 1;
				LastSwiftUpdateCheck = 1540;
				LastUpgradeCheck = 1540;
				TargetAttributes = {
					3118D23E2C2A0E0800200290 = {
						CreatedOnToolsVersion = 15.4;
					};
					3118D2642C2A106300200290 = {
						CreatedOnToolsVersion = 15.4;
						TestTargetID = 3118D23E2C2A0E0800200290;
					};
				};
			};
			buildConfigurationList = 3118D23A2C2A0E0800200290 /* Build configuration list for PBXProject "Nano07Challenge" */;
			compatibilityVersion = "Xcode 14.0";
			developmentRegion = en;
			hasScannedForEncodings = 0;
			knownRegions = (
				en,
				Base,
			);
			mainGroup = 3118D2362C2A0E0800200290;
			productRefGroup = 3118D2402C2A0E0800200290 /* Products */;
			projectDirPath = "";
			projectRoot = "";
			targets = (
				3118D23E2C2A0E0800200290 /* Nano07Challenge */,
				3118D2642C2A106300200290 /* Nano07ChallengeTests */,
			);
		};
/* End PBXProject section */

/* Begin PBXResourcesBuildPhase section */
		3118D23D2C2A0E0800200290 /* Resources */ = {
			isa = PBXResourcesBuildPhase;
			buildActionMask = 2147483647;
			files = (
				3118D24C2C2A0E0A00200290 /* Assets.xcassets in Resources */,
				3118D24F2C2A0E0A00200290 /* Base in Resources */,
			);
			runOnlyForDeploymentPostprocessing = 0;
		};
		3118D2632C2A106300200290 /* Resources */ = {
			isa = PBXResourcesBuildPhase;
			buildActionMask = 2147483647;
			files = (
			);
			runOnlyForDeploymentPostprocessing = 0;
		};
/* End PBXResourcesBuildPhase section */

/* Begin PBXSourcesBuildPhase section */
		3118D23B2C2A0E0800200290 /* Sources */ = {
			isa = PBXSourcesBuildPhase;
			buildActionMask = 2147483647;
			files = (
				3118D25F2C2A0EF200200290 /* Model.swift in Sources */,
				3118D2472C2A0E0800200290 /* ViewController.swift in Sources */,
				3182279B2C2B59FE006ECEBB /* CurrencyListViewController.swift in Sources */,
				3118D2432C2A0E0800200290 /* AppDelegate.swift in Sources */,
				3182279D2C2B5A2C006ECEBB /* CustomCell.swift in Sources */,
				3118D2712C2A109900200290 /* Persistence.swift in Sources */,
				3118D25D2C2A0EEA00200290 /* ViewModel.swift in Sources */,
				3118D26F2C2A109200200290 /* APIManager.swift in Sources */,
				3118D2452C2A0E0800200290 /* SceneDelegate.swift in Sources */,
			);
			runOnlyForDeploymentPostprocessing = 0;
		};
		3118D2612C2A106300200290 /* Sources */ = {
			isa = PBXSourcesBuildPhase;
			buildActionMask = 2147483647;
			files = (
				3118D2682C2A106300200290 /* Nano07ChallengeTests.swift in Sources */,
			);
			runOnlyForDeploymentPostprocessing = 0;
		};
/* End PBXSourcesBuildPhase section */

/* Begin PBXTargetDependency section */
		3118D26A2C2A106300200290 /* PBXTargetDependency */ = {
			isa = PBXTargetDependency;
			target = 3118D23E2C2A0E0800200290 /* Nano07Challenge */;
			targetProxy = 3118D2692C2A106300200290 /* PBXContainerItemProxy */;
		};
/* End PBXTargetDependency section */

/* Begin PBXVariantGroup section */
		3118D24D2C2A0E0A00200290 /* LaunchScreen.storyboard */ = {
			isa = PBXVariantGroup;
			children = (
				3118D24E2C2A0E0A00200290 /* Base */,
			);
			name = LaunchScreen.storyboard;
			sourceTree = "<group>";
		};
/* End PBXVariantGroup section */

/* Begin XCBuildConfiguration section */
		3118D2512C2A0E0A00200290 /* Debug */ = {
			isa = XCBuildConfiguration;
			buildSettings = {
				ALWAYS_SEARCH_USER_PATHS = NO;
				ASSETCATALOG_COMPILER_GENERATE_SWIFT_ASSET_SYMBOL_EXTENSIONS = YES;
				CLANG_ANALYZER_NONNULL = YES;
				CLANG_ANALYZER_NUMBER_OBJECT_CONVERSION = YES_AGGRESSIVE;
				CLANG_CXX_LANGUAGE_STANDARD = "gnu++20";
				CLANG_ENABLE_MODULES = YES;
				CLANG_ENABLE_OBJC_ARC = YES;
				CLANG_ENABLE_OBJC_WEAK = YES;
				CLANG_WARN_BLOCK_CAPTURE_AUTORELEASING = YES;
				CLANG_WARN_BOOL_CONVERSION = YES;
				CLANG_WARN_COMMA = YES;
				CLANG_WARN_CONSTANT_CONVERSION = YES;
				CLANG_WARN_DEPRECATED_OBJC_IMPLEMENTATIONS = YES;
				CLANG_WARN_DIRECT_OBJC_ISA_USAGE = YES_ERROR;
				CLANG_WARN_DOCUMENTATION_COMMENTS = YES;
				CLANG_WARN_EMPTY_BODY = YES;
				CLANG_WARN_ENUM_CONVERSION = YES;
				CLANG_WARN_INFINITE_RECURSION = YES;
				CLANG_WARN_INT_CONVERSION = YES;
				CLANG_WARN_NON_LITERAL_NULL_CONVERSION = YES;
				CLANG_WARN_OBJC_IMPLICIT_RETAIN_SELF = YES;
				CLANG_WARN_OBJC_LITERAL_CONVERSION = YES;
				CLANG_WARN_OBJC_ROOT_CLASS = YES_ERROR;
				CLANG_WARN_QUOTED_INCLUDE_IN_FRAMEWORK_HEADER = YES;
				CLANG_WARN_RANGE_LOOP_ANALYSIS = YES;
				CLANG_WARN_STRICT_PROTOTYPES = YES;
				CLANG_WARN_SUSPICIOUS_MOVE = YES;
				CLANG_WARN_UNGUARDED_AVAILABILITY = YES_AGGRESSIVE;
				CLANG_WARN_UNREACHABLE_CODE = YES;
				CLANG_WARN__DUPLICATE_METHOD_MATCH = YES;
				COPY_PHASE_STRIP = NO;
				DEBUG_INFORMATION_FORMAT = dwarf;
				ENABLE_STRICT_OBJC_MSGSEND = YES;
				ENABLE_TESTABILITY = YES;
				ENABLE_USER_SCRIPT_SANDBOXING = YES;
				GCC_C_LANGUAGE_STANDARD = gnu17;
				GCC_DYNAMIC_NO_PIC = NO;
				GCC_NO_COMMON_BLOCKS = YES;
				GCC_OPTIMIZATION_LEVEL = 0;
				GCC_PREPROCESSOR_DEFINITIONS = (
					"DEBUG=1",
					"$(inherited)",
				);
				GCC_WARN_64_TO_32_BIT_CONVERSION = YES;
				GCC_WARN_ABOUT_RETURN_TYPE = YES_ERROR;
				GCC_WARN_UNDECLARED_SELECTOR = YES;
				GCC_WARN_UNINITIALIZED_AUTOS = YES_AGGRESSIVE;
				GCC_WARN_UNUSED_FUNCTION = YES;
				GCC_WARN_UNUSED_VARIABLE = YES;
				IPHONEOS_DEPLOYMENT_TARGET = 17.5;
				LOCALIZATION_PREFERS_STRING_CATALOGS = YES;
				MTL_ENABLE_DEBUG_INFO = INCLUDE_SOURCE;
				MTL_FAST_MATH = YES;
				ONLY_ACTIVE_ARCH = YES;
				SDKROOT = iphoneos;
				SWIFT_ACTIVE_COMPILATION_CONDITIONS = "DEBUG $(inherited)";
				SWIFT_OPTIMIZATION_LEVEL = "-Onone";
			};
			name = Debug;
		};
		3118D2522C2A0E0A00200290 /* Release */ = {
			isa = XCBuildConfiguration;
			buildSettings = {
				ALWAYS_SEARCH_USER_PATHS = NO;
				ASSETCATALOG_COMPILER_GENERATE_SWIFT_ASSET_SYMBOL_EXTENSIONS = YES;
				CLANG_ANALYZER_NONNULL = YES;
				CLANG_ANALYZER_NUMBER_OBJECT_CONVERSION = YES_AGGRESSIVE;
				CLANG_CXX_LANGUAGE_STANDARD = "gnu++20";
				CLANG_ENABLE_MODULES = YES;
				CLANG_ENABLE_OBJC_ARC = YES;
				CLANG_ENABLE_OBJC_WEAK = YES;
				CLANG_WARN_BLOCK_CAPTURE_AUTORELEASING = YES;
				CLANG_WARN_BOOL_CONVERSION = YES;
				CLANG_WARN_COMMA = YES;
				CLANG_WARN_CONSTANT_CONVERSION = YES;
				CLANG_WARN_DEPRECATED_OBJC_IMPLEMENTATIONS = YES;
				CLANG_WARN_DIRECT_OBJC_ISA_USAGE = YES_ERROR;
				CLANG_WARN_DOCUMENTATION_COMMENTS = YES;
				CLANG_WARN_EMPTY_BODY = YES;
				CLANG_WARN_ENUM_CONVERSION = YES;
				CLANG_WARN_INFINITE_RECURSION = YES;
				CLANG_WARN_INT_CONVERSION = YES;
				CLANG_WARN_NON_LITERAL_NULL_CONVERSION = YES;
				CLANG_WARN_OBJC_IMPLICIT_RETAIN_SELF = YES;
				CLANG_WARN_OBJC_LITERAL_CONVERSION = YES;
				CLANG_WARN_OBJC_ROOT_CLASS = YES_ERROR;
				CLANG_WARN_QUOTED_INCLUDE_IN_FRAMEWORK_HEADER = YES;
				CLANG_WARN_RANGE_LOOP_ANALYSIS = YES;
				CLANG_WARN_STRICT_PROTOTYPES = YES;
				CLANG_WARN_SUSPICIOUS_MOVE = YES;
				CLANG_WARN_UNGUARDED_AVAILABILITY = YES_AGGRESSIVE;
				CLANG_WARN_UNREACHABLE_CODE = YES;
				CLANG_WARN__DUPLICATE_METHOD_MATCH = YES;
				COPY_PHASE_STRIP = NO;
				DEBUG_INFORMATION_FORMAT = "dwarf-with-dsym";
				ENABLE_NS_ASSERTIONS = NO;
				ENABLE_STRICT_OBJC_MSGSEND = YES;
				ENABLE_USER_SCRIPT_SANDBOXING = YES;
				GCC_C_LANGUAGE_STANDARD = gnu17;
				GCC_NO_COMMON_BLOCKS = YES;
				GCC_WARN_64_TO_32_BIT_CONVERSION = YES;
				GCC_WARN_ABOUT_RETURN_TYPE = YES_ERROR;
				GCC_WARN_UNDECLARED_SELECTOR = YES;
				GCC_WARN_UNINITIALIZED_AUTOS = YES_AGGRESSIVE;
				GCC_WARN_UNUSED_FUNCTION = YES;
				GCC_WARN_UNUSED_VARIABLE = YES;
				IPHONEOS_DEPLOYMENT_TARGET = 17.5;
				LOCALIZATION_PREFERS_STRING_CATALOGS = YES;
				MTL_ENABLE_DEBUG_INFO = NO;
				MTL_FAST_MATH = YES;
				SDKROOT = iphoneos;
				SWIFT_COMPILATION_MODE = wholemodule;
				VALIDATE_PRODUCT = YES;
			};
			name = Release;
		};
		3118D2542C2A0E0A00200290 /* Debug */ = {
			isa = XCBuildConfiguration;
			buildSettings = {
				ASSETCATALOG_COMPILER_APPICON_NAME = AppIcon;
				ASSETCATALOG_COMPILER_GLOBAL_ACCENT_COLOR_NAME = AccentColor;
				CODE_SIGN_STYLE = Automatic;
				CURRENT_PROJECT_VERSION = 1;
				DEVELOPMENT_TEAM = 6FXWX5Z987;
				GENERATE_INFOPLIST_FILE = YES;
				INFOPLIST_FILE = Nano07Challenge/Config/Info.plist;
				INFOPLIST_KEY_UIApplicationSupportsIndirectInputEvents = YES;
				INFOPLIST_KEY_UILaunchStoryboardName = LaunchScreen;
				INFOPLIST_KEY_UISupportedInterfaceOrientations_iPad = "UIInterfaceOrientationPortrait UIInterfaceOrientationPortraitUpsideDown UIInterfaceOrientationLandscapeLeft UIInterfaceOrientationLandscapeRight";
				INFOPLIST_KEY_UISupportedInterfaceOrientations_iPhone = "UIInterfaceOrientationPortrait UIInterfaceOrientationLandscapeLeft UIInterfaceOrientationLandscapeRight";
				LD_RUNPATH_SEARCH_PATHS = (
					"$(inherited)",
					"@executable_path/Frameworks",
				);
				MARKETING_VERSION = 1.0;
				PRODUCT_BUNDLE_IDENTIFIER = Enrique.Nano07Challenge;
				PRODUCT_NAME = "$(TARGET_NAME)";
				SWIFT_EMIT_LOC_STRINGS = YES;
				SWIFT_VERSION = 5.0;
				TARGETED_DEVICE_FAMILY = "1,2";
			};
			name = Debug;
		};
		3118D2552C2A0E0A00200290 /* Release */ = {
			isa = XCBuildConfiguration;
			buildSettings = {
				ASSETCATALOG_COMPILER_APPICON_NAME = AppIcon;
				ASSETCATALOG_COMPILER_GLOBAL_ACCENT_COLOR_NAME = AccentColor;
				CODE_SIGN_STYLE = Automatic;
				CURRENT_PROJECT_VERSION = 1;
				DEVELOPMENT_TEAM = 6FXWX5Z987;
				GENERATE_INFOPLIST_FILE = YES;
				INFOPLIST_FILE = Nano07Challenge/Config/Info.plist;
				INFOPLIST_KEY_UIApplicationSupportsIndirectInputEvents = YES;
				INFOPLIST_KEY_UILaunchStoryboardName = LaunchScreen;
				INFOPLIST_KEY_UISupportedInterfaceOrientations_iPad = "UIInterfaceOrientationPortrait UIInterfaceOrientationPortraitUpsideDown UIInterfaceOrientationLandscapeLeft UIInterfaceOrientationLandscapeRight";
				INFOPLIST_KEY_UISupportedInterfaceOrientations_iPhone = "UIInterfaceOrientationPortrait UIInterfaceOrientationLandscapeLeft UIInterfaceOrientationLandscapeRight";
				LD_RUNPATH_SEARCH_PATHS = (
					"$(inherited)",
					"@executable_path/Frameworks",
				);
				MARKETING_VERSION = 1.0;
				PRODUCT_BUNDLE_IDENTIFIER = Enrique.Nano07Challenge;
				PRODUCT_NAME = "$(TARGET_NAME)";
				SWIFT_EMIT_LOC_STRINGS = YES;
				SWIFT_VERSION = 5.0;
				TARGETED_DEVICE_FAMILY = "1,2";
			};
			name = Release;
		};
		3118D26C2C2A106300200290 /* Debug */ = {
			isa = XCBuildConfiguration;
			buildSettings = {
				BUNDLE_LOADER = "$(TEST_HOST)";
				CODE_SIGN_STYLE = Automatic;
				CURRENT_PROJECT_VERSION = 1;
				DEVELOPMENT_TEAM = HX623XK8T6;
				GENERATE_INFOPLIST_FILE = YES;
				MARKETING_VERSION = 1.0;
				PRODUCT_BUNDLE_IDENTIFIER = Enrique.Nano07ChallengeTests;
				PRODUCT_NAME = "$(TARGET_NAME)";
				SWIFT_EMIT_LOC_STRINGS = NO;
				SWIFT_VERSION = 5.0;
				TARGETED_DEVICE_FAMILY = "1,2";
				TEST_HOST = "$(BUILT_PRODUCTS_DIR)/Nano07Challenge.app/$(BUNDLE_EXECUTABLE_FOLDER_PATH)/Nano07Challenge";
			};
			name = Debug;
		};
		3118D26D2C2A106300200290 /* Release */ = {
			isa = XCBuildConfiguration;
			buildSettings = {
				BUNDLE_LOADER = "$(TEST_HOST)";
				CODE_SIGN_STYLE = Automatic;
				CURRENT_PROJECT_VERSION = 1;
				DEVELOPMENT_TEAM = HX623XK8T6;
				GENERATE_INFOPLIST_FILE = YES;
				MARKETING_VERSION = 1.0;
				PRODUCT_BUNDLE_IDENTIFIER = Enrique.Nano07ChallengeTests;
				PRODUCT_NAME = "$(TARGET_NAME)";
				SWIFT_EMIT_LOC_STRINGS = NO;
				SWIFT_VERSION = 5.0;
				TARGETED_DEVICE_FAMILY = "1,2";
				TEST_HOST = "$(BUILT_PRODUCTS_DIR)/Nano07Challenge.app/$(BUNDLE_EXECUTABLE_FOLDER_PATH)/Nano07Challenge";
			};
			name = Release;
		};
/* End XCBuildConfiguration section */

/* Begin XCConfigurationList section */
		3118D23A2C2A0E0800200290 /* Build configuration list for PBXProject "Nano07Challenge" */ = {
			isa = XCConfigurationList;
			buildConfigurations = (
				3118D2512C2A0E0A00200290 /* Debug */,
				3118D2522C2A0E0A00200290 /* Release */,
			);
			defaultConfigurationIsVisible = 0;
			defaultConfigurationName = Release;
		};
		3118D2532C2A0E0A00200290 /* Build configuration list for PBXNativeTarget "Nano07Challenge" */ = {
			isa = XCConfigurationList;
			buildConfigurations = (
				3118D2542C2A0E0A00200290 /* Debug */,
				3118D2552C2A0E0A00200290 /* Release */,
			);
			defaultConfigurationIsVisible = 0;
			defaultConfigurationName = Release;
		};
		3118D26B2C2A106300200290 /* Build configuration list for PBXNativeTarget "Nano07ChallengeTests" */ = {
			isa = XCConfigurationList;
			buildConfigurations = (
				3118D26C2C2A106300200290 /* Debug */,
				3118D26D2C2A106300200290 /* Release */,
			);
			defaultConfigurationIsVisible = 0;
			defaultConfigurationName = Release;
		};
/* End XCConfigurationList section */
	};
	rootObject = 3118D2372C2A0E0800200290 /* Project object */;
}
